
Microsoft Visual Studio Solution File, Format Version 12.00
# Visual Studio 2012
Project("{FAE04EC0-301F-11D3-BF4B-00C04F79EFBC}") = "INVENTORY 2.0", "INVENTORY 2.0\INVENTORY 2.0.csproj", "{C627674D-3223-4BB1-9B80-7B7D9B6B0709}"
EndProject
Global
	GlobalSection(SolutionConfigurationPlatforms) = preSolution
		Debug|Any CPU = Debug|Any CPU
		Release|Any CPU = Release|Any CPU
	EndGlobalSection
	GlobalSection(ProjectConfigurationPlatforms) = postSolution
		{C627674D-3223-4BB1-9B80-7B7D9B6B0709}.Debug|Any CPU.ActiveCfg = Debug|Any CPU
		{C627674D-3223-4BB1-9B80-7B7D9B6B0709}.Debug|Any CPU.Build.0 = Debug|Any CPU
		{C627674D-3223-4BB1-9B80-7B7D9B6B0709}.Release|Any CPU.ActiveCfg = Release|Any CPU
		{C627674D-3223-4BB1-9B80-7B7D9B6B0709}.Release|Any CPU.Build.0 = Release|Any CPU
	EndGlobalSection
	GlobalSection(SolutionProperties) = preSolution
		HideSolutionNode = FALSE
	EndGlobalSection
EndGlobal
